
Microsoft Visual Studio Solution File, Format Version 12.00
# Visual Studio 15
VisualStudioVersion = 15.0.28307.1300
MinimumVisualStudioVersion = 10.0.40219.1
Project("{8BC9CEB8-8B4A-11D0-8D11-00A0C91BC942}") = "lesson14", "lesson14\lesson14.vcxproj", "{CD2AA583-2A64-49C1-BD87-1EE1D8E3A2C4}"
EndProject
Global
	GlobalSection(SolutionConfigurationPlatforms) = preSolution
		Debug|x64 = Debug|x64
		Debug|x86 = Debug|x86
		Release|x64 = Release|x64
		Release|x86 = Release|x86
	EndGlobalSection
	GlobalSection(ProjectConfigurationPlatforms) = postSolution
		{CD2AA583-2A64-49C1-BD87-1EE1D8E3A2C4}.Debug|x64.ActiveCfg = Debug|x64
		{CD2AA583-2A64-49C1-BD87-1EE1D8E3A2C4}.Debug|x64.Build.0 = Debug|x64
		{CD2AA583-2A64-49C1-BD87-1EE1D8E3A2C4}.Debug|x86.ActiveCfg = Debug|Win32
		{CD2AA583-2A64-49C1-BD87-1EE1D8E3A2C4}.Debug|x86.Build.0 = Debug|Win32
		{CD2AA583-2A64-49C1-BD87-1EE1D8E3A2C4}.Release|x64.ActiveCfg = Release|x64
		{CD2AA583-2A64-49C1-BD87-1EE1D8E3A2C4}.Release|x64.Build.0 = Release|x64
		{CD2AA583-2A64-49C1-BD87-1EE1D8E3A2C4}.Release|x86.ActiveCfg = Release|Win32
		{CD2AA583-2A64-49C1-BD87-1EE1D8E3A2C4}.Release|x86.Build.0 = Release|Win32
	EndGlobalSection
	GlobalSection(SolutionProperties) = preSolution
		HideSolutionNode = FALSE
	EndGlobalSection
	GlobalSection(ExtensibilityGlobals) = postSolution
		SolutionGuid = {8F1E7A46-8B4E-4802-9198-A4D9705E62EA}
	EndGlobalSection
EndGlobal
