
Microsoft Visual Studio Solution File, Format Version 12.00
# Visual Studio 15
VisualStudioVersion = 15.0.28307.1300
MinimumVisualStudioVersion = 10.0.40219.1
Project("{8BC9CEB8-8B4A-11D0-8D11-00A0C91BC942}") = "lesson11", "lesson11\lesson11.vcxproj", "{DB1E3FE7-1279-4248-A07F-F88DCA663861}"
EndProject
Global
	GlobalSection(SolutionConfigurationPlatforms) = preSolution
		Debug|x64 = Debug|x64
		Debug|x86 = Debug|x86
		Release|x64 = Release|x64
		Release|x86 = Release|x86
	EndGlobalSection
	GlobalSection(ProjectConfigurationPlatforms) = postSolution
		{DB1E3FE7-1279-4248-A07F-F88DCA663861}.Debug|x64.ActiveCfg = Debug|x64
		{DB1E3FE7-1279-4248-A07F-F88DCA663861}.Debug|x64.Build.0 = Debug|x64
		{DB1E3FE7-1279-4248-A07F-F88DCA663861}.Debug|x86.ActiveCfg = Debug|Win32
		{DB1E3FE7-1279-4248-A07F-F88DCA663861}.Debug|x86.Build.0 = Debug|Win32
		{DB1E3FE7-1279-4248-A07F-F88DCA663861}.Release|x64.ActiveCfg = Release|x64
		{DB1E3FE7-1279-4248-A07F-F88DCA663861}.Release|x64.Build.0 = Release|x64
		{DB1E3FE7-1279-4248-A07F-F88DCA663861}.Release|x86.ActiveCfg = Release|Win32
		{DB1E3FE7-1279-4248-A07F-F88DCA663861}.Release|x86.Build.0 = Release|Win32
	EndGlobalSection
	GlobalSection(SolutionProperties) = preSolution
		HideSolutionNode = FALSE
	EndGlobalSection
	GlobalSection(ExtensibilityGlobals) = postSolution
		SolutionGuid = {761FD42A-9A0C-48EA-BB3A-B1905657E9C4}
	EndGlobalSection
EndGlobal
